
Microsoft Visual Studio Solution File, Format Version 12.00
# Visual Studio Version 16
VisualStudioVersion = 16.0.32901.82
MinimumVisualStudioVersion = 10.0.40219.1
Project("{FAE04EC0-301F-11D3-BF4B-00C04F79EFBC}") = "NguyenHaAnKhang_2090694884", "NguyenHaAnKhang_2090694884\NguyenHaAnKhang_2090694884.csproj", "{84EB8861-EEA2-468A-A985-4F22AFBE13BE}"
EndProject
Global
	GlobalSection(SolutionConfigurationPlatforms) = preSolution
		Debug|Any CPU = Debug|Any CPU
		Release|Any CPU = Release|Any CPU
	EndGlobalSection
	GlobalSection(ProjectConfigurationPlatforms) = postSolution
		{84EB8861-EEA2-468A-A985-4F22AFBE13BE}.Debug|Any CPU.ActiveCfg = Debug|Any CPU
		{84EB8861-EEA2-468A-A985-4F22AFBE13BE}.Debug|Any CPU.Build.0 = Debug|Any CPU
		{84EB8861-EEA2-468A-A985-4F22AFBE13BE}.Release|Any CPU.ActiveCfg = Release|Any CPU
		{84EB8861-EEA2-468A-A985-4F22AFBE13BE}.Release|Any CPU.Build.0 = Release|Any CPU
	EndGlobalSection
	GlobalSection(SolutionProperties) = preSolution
		HideSolutionNode = FALSE
	EndGlobalSection
	GlobalSection(ExtensibilityGlobals) = postSolution
		SolutionGuid = {CE44E5F0-15ED-413E-AA30-7DE05FD28769}
	EndGlobalSection
EndGlobal
